Microsoft Visual Studio Solution File, Format Version 12.00
# Visual Studio Version 17
VisualStudioVersion = 17.5.2.0
MinimumVisualStudioVersion = 10.0.40219.1
Project("{FAE04EC0-301F-11D3-BF4B-00C04F79EFBC}") = "neetcode", "neetcode.csproj", "{600412AF-425C-CA8B-02FF-35A46B04811B}"
EndProject
Global
	GlobalSection(SolutionConfigurationPlatforms) = preSolution
		Debug|Any CPU = Debug|Any CPU
		Release|Any CPU = Release|Any CPU
	EndGlobalSection
	GlobalSection(ProjectConfigurationPlatforms) = postSolution
		{600412AF-425C-CA8B-02FF-35A46B04811B}.Debug|Any CPU.ActiveCfg = Debug|Any CPU
		{600412AF-425C-CA8B-02FF-35A46B04811B}.Debug|Any CPU.Build.0 = Debug|Any CPU
		{600412AF-425C-CA8B-02FF-35A46B04811B}.Release|Any CPU.ActiveCfg = Release|Any CPU
		{600412AF-425C-CA8B-02FF-35A46B04811B}.Release|Any CPU.Build.0 = Release|Any CPU
	EndGlobalSection
	GlobalSection(SolutionProperties) = preSolution
		HideSolutionNode = FALSE
	EndGlobalSection
	GlobalSection(ExtensibilityGlobals) = postSolution
		SolutionGuid = {8CF2CCDE-0C49-4E81-B194-9194C9904A80}
	EndGlobalSection
EndGlobal
